{
  "name": "node-test",
  "version": "0.0.1",
  "lockfileVersion": 1,
  "requires": true,
  "dependencies": {
    "dynamic-imports": {
      "version": "0.3.0",
      "resolved": "https://registry.npmjs.org/dynamic-imports/-/dynamic-imports-0.3.0.tgz",
      "integrity": "sha512-KPiJtht2rr5qWnr09qVuPc+/+oLLTj1JtHJIaPmI3MBtEr7M26680kEYa+nbEH+LnUj2ZsVjTb0uNFPjU0YtgQ=="
    }
  }
}
